// !$*UTF8*$!
{
	archiveVersion = 1;
	classes = {
	};
	objectVersion = 46;
	objects = {

/* Begin PBXBuildFile section */
		804B31601EC1D1DF0055E791 /* AppDelegate.swift in Sources */ = {isa = PBXBuildFile; fileRef = 804B315F1EC1D1DF0055E791 /* AppDelegate.swift */; };
		804B31621EC1D1DF0055E791 /* ViewController.swift in Sources */ = {isa = PBXBuildFile; fileRef = 804B31611EC1D1DF0055E791 /* ViewController.swift */; };
		804B31651EC1D1DF0055E791 /* Main.storyboard in Resources */ = {isa = PBXBuildFile; fileRef = 804B31631EC1D1DF0055E791 /* Main.storyboard */; };
		804B31671EC1D1DF0055E791 /* Assets.xcassets in Resources */ = {isa = PBXBuildFile; fileRef = 804B31661EC1D1DF0055E791 /* Assets.xcassets */; };
		804B316A1EC1D1DF0055E791 /* LaunchScreen.storyboard in Resources */ = {isa = PBXBuildFile; fileRef = 804B31681EC1D1DF0055E791 /* LaunchScreen.storyboard */; };
/* End PBXBuildFile section */

/* Begin PBXFileReference section */
		804B315C1EC1D1DF0055E791 /* Github.app */ = {isa = PBXFileReference; explicitFileType = wrapper.application; includeInIndex = 0; path = Github.app; sourceTree = BUILT_PRODUCTS_DIR; };
		804B315F1EC1D1DF0055E791 /* AppDelegate.swift */ = {isa = PBXFileReference; lastKnownFileType = sourcecode.swift; path = AppDelegate.swift; sourceTree = "<group>"; };
		804B31611EC1D1DF0055E791 /* ViewController.swift */ = {isa = PBXFileReference; lastKnownFileType = sourcecode.swift; path = ViewController.swift; sourceTree = "<group>"; };
		804B31641EC1D1DF0055E791 /* Base */ = {isa = PBXFileReference; lastKnownFileType = file.storyboard; name = Base; path = Base.lproj/Main.storyboard; sourceTree = "<group>"; };
		804B31661EC1D1DF0055E791 /* Assets.xcassets */ = {isa = PBXFileReference; lastKnownFileType = folder.assetcatalog; path = Assets.xcassets; sourceTree = "<group>"; };
		804B31691EC1D1DF0055E791 /* Base */ = {isa = PBXFileReference; lastKnownFileType = file.storyboard; name = Base; path = Base.lproj/LaunchScreen.storyboard; sourceTree = "<group>"; };
		804B316B1EC1D1DF0055E791 /* Info.plist */ = {isa = PBXFileReference; lastKnownFileType = text.plist.xml; path = Info.plist; sourceTree = "<group>"; };
/* End PBXFileReference section */

/* Begin PBXFrameworksBuildPhase section */
		804B31591EC1D1DF0055E791 /* Frameworks */ = {
			isa = PBXFrameworksBuildPhase;
			buildActionMask = 2147483647;
			files = (
			);
			runOnlyForDeploymentPostprocessing = 0;
		};
/* End PBXFrameworksBuildPhase section */

/* Begin PBXGroup section */
		804B31531EC1D1DF0055E791 = {
			isa = PBXGroup;
			children = (
				804B315E1EC1D1DF0055E791 /* Github */,
				804B315D1EC1D1DF0055E791 /* Products */,
			);
			sourceTree = "<group>";
		};
		804B315D1EC1D1DF0055E791 /* Products */ = {
			isa = PBXGroup;
			children = (
				804B315C1EC1D1DF0055E791 /* Github.app */,
			);
			name = Products;
			sourceTree = "<group>";
		};
		804B315E1EC1D1DF0055E791 /* Github */ = {
			isa = PBXGroup;
			children = (
				804B315F1EC1D1DF0055E791 /* AppDelegate.swift */,
				804B31611EC1D1DF0055E791 /* ViewController.swift */,
				804B31631EC1D1DF0055E791 /* Main.storyboard */,
				804B31661EC1D1DF0055E791 /* Assets.xcassets */,
				804B31681EC1D1DF0055E791 /* LaunchScreen.storyboard */,
				804B316B1EC1D1DF0055E791 /* Info.plist */,
			);
			path = Github;
			sourceTree = "<group>";
		};
/* End PBXGroup section */

/* Begin PBXNativeTarget section */
		804B315B1EC1D1DF0055E791 /* Github */ = {
			isa = PBXNativeTarget;
			buildConfigurationList = 804B316E1EC1D1DF0055E791 /* Build configuration list for PBXNativeTarget "Github" */;
			buildPhases = (
				804B31581EC1D1DF0055E791 /* Sources */,
				804B31591EC1D1DF0055E791 /* Frameworks */,
				804B315A1EC1D1DF0055E791 /* Resources */,
			);
			buildRules = (
			);
			dependencies = (
			);
			name = Github;
			productName = Github;
			productReference = 804B315C1EC1D1DF0055E791 /* Github.app */;
			productType = "com.apple.product-type.application";
		};
/* End PBXNativeTarget section */

/* Begin PBXProject section */
		804B31541EC1D1DF0055E791 /* Project object */ = {
			isa = PBXProject;
			attributes = {
				LastSwiftUpdateCheck = 0830;
				LastUpgradeCheck = 0830;
				ORGANIZATIONNAME = "Tomas Vesely";
				TargetAttributes = {
					804B315B1EC1D1DF0055E791 = {
						CreatedOnToolsVersion = 8.3.2;
						DevelopmentTeam = JF2XY8YA6M;
						ProvisioningStyle = Automatic;
					};
				};
			};
			buildConfigurationList = 804B31571EC1D1DF0055E791 /* Build configuration list for PBXProject "Github" */;
			compatibilityVersion = "Xcode 3.2";
			developmentRegion = English;
			hasScannedForEncodings = 0;
			knownRegions = (
				en,
				Base,
			);
			mainGroup = 804B31531EC1D1DF0055E791;
			productRefGroup = 804B315D1EC1D1DF0055E791 /* Products */;
			projectDirPath = "";
			projectRoot = "";
			targets = (
				804B315B1EC1D1DF0055E791 /* Github */,
			);
		};
/* End PBXProject section */

/* Begin PBXResourcesBuildPhase section */
		804B315A1EC1D1DF0055E791 /* Resources */ = {
			isa = PBXResourcesBuildPhase;
			buildActionMask = 2147483647;
			files = (
				804B316A1EC1D1DF0055E791 /* LaunchScreen.storyboard in Resources */,
				804B31671EC1D1DF0055E791 /* Assets.xcassets in Resources */,
				804B31651EC1D1DF0055E791 /* Main.storyboard in Resources */,
			);
			runOnlyForDeploymentPostprocessing = 0;
		};
/* End PBXResourcesBuildPhase section */

/* Begin PBXSourcesBuildPhase section */
		804B31581EC1D1DF0055E791 /* Sources */ = {
			isa = PBXSourcesBuildPhase;
			buildActionMask = 2147483647;
			files = (
				804B31621EC1D1DF0055E791 /* ViewController.swift in Sources */,
				804B31601EC1D1DF0055E791 /* AppDelegate.swift in Sources */,
			);
			runOnlyForDeploymentPostprocessing = 0;
		};
/* End PBXSourcesBuildPhase section */

/* Begin PBXVariantGroup section */
		804B31631EC1D1DF0055E791 /* Main.storyboard */ = {
			isa = PBXVariantGroup;
			children = (
				804B31641EC1D1DF0055E791 /* Base */,
			);
			name = Main.storyboard;
			sourceTree = "<group>";
		};
		804B31681EC1D1DF0055E791 /* LaunchScreen.storyboard */ = {
			isa = PBXVariantGroup;
			children = (
				804B31691EC1D1DF0055E791 /* Base */,
			);
			name = LaunchScreen.storyboard;
			sourceTree = "<group>";
		};
/* End PBXVariantGroup section */

/* Begin XCBuildConfiguration section */
		804B316C1EC1D1DF0055E791 /* Debug */ = {
			isa = XCBuildConfiguration;
			buildSettings = {
				ALWAYS_SEARCH_USER_PATHS = NO;
				CLANG_ANALYZER_NONNULL = YES;
				CLANG_ANALYZER_NUMBER_OBJECT_CONVERSION = YES_AGGRESSIVE;
				CLANG_CXX_LANGUAGE_STANDARD = "gnu++0x";
				CLANG_CXX_LIBRARY = "libc++";
				CLANG_ENABLE_MODULES = YES;
				CLANG_ENABLE_OBJC_ARC = YES;
				CLANG_WARN_BOOL_CONVERSION = YES;
				CLANG_WARN_CONSTANT_CONVERSION = YES;
				CLANG_WARN_DIRECT_OBJC_ISA_USAGE = YES_ERROR;
				CLANG_WARN_DOCUMENTATION_COMMENTS = YES;
				CLANG_WARN_EMPTY_BODY = YES;
				CLANG_WARN_ENUM_CONVERSION = YES;
				CLANG_WARN_INFINITE_RECURSION = YES;
				CLANG_WARN_INT_CONVERSION = YES;
				CLANG_WARN_OBJC_ROOT_CLASS = YES_ERROR;
				CLANG_WARN_SUSPICIOUS_MOVE = YES;
				CLANG_WARN_UNREACHABLE_CODE = YES;
				CLANG_WARN__DUPLICATE_METHOD_MATCH = YES;
				"CODE_SIGN_IDENTITY[sdk=iphoneos*]" = "iPhone Developer";
				COPY_PHASE_STRIP = NO;
				DEBUG_INFORMATION_FORMAT = dwarf;
				ENABLE_STRICT_OBJC_MSGSEND = YES;
				ENABLE_TESTABILITY = YES;
				GCC_C_LANGUAGE_STANDARD = gnu99;
				GCC_DYNAMIC_NO_PIC = NO;
				GCC_NO_COMMON_BLOCKS = YES;
				GCC_OPTIMIZATION_LEVEL = 0;
				GCC_PREPROCESSOR_DEFINITIONS = (
					"DEBUG=1",
					"$(inherited)",
				);
				GCC_WARN_64_TO_32_BIT_CONVERSION = YES;
				GCC_WARN_ABOUT_RETURN_TYPE = YES_ERROR;
				GCC_WARN_UNDECLARED_SELECTOR = YES;
				GCC_WARN_UNINITIALIZED_AUTOS = YES_AGGRESSIVE;
				GCC_WARN_UNUSED_FUNCTION = YES;
				GCC_WARN_UNUSED_VARIABLE = YES;
				IPHONEOS_DEPLOYMENT_TARGET = 10.3;
				MTL_ENABLE_DEBUG_INFO = YES;
				ONLY_ACTIVE_ARCH = YES;
				SDKROOT = iphoneos;
				SWIFT_ACTIVE_COMPILATION_CONDITIONS = DEBUG;
				SWIFT_OPTIMIZATION_LEVEL = "-Onone";
			};
			name = Debug;
		};
		804B316D1EC1D1DF0055E791 /* Release */ = {
			isa = XCBuildConfiguration;
			buildSettings = {
				ALWAYS_SEARCH_USER_PATHS = NO;
				CLANG_ANALYZER_NONNULL = YES;
				CLANG_ANALYZER_NUMBER_OBJECT_CONVERSION = YES_AGGRESSIVE;
				CLANG_CXX_LANGUAGE_STANDARD = "gnu++0x";
				CLANG_CXX_LIBRARY = "libc++";
				CLANG_ENABLE_MODULES = YES;
				CLANG_ENABLE_OBJC_ARC = YES;
				CLANG_WARN_BOOL_CONVERSION = YES;
				CLANG_WARN_CONSTANT_CONVERSION = YES;
				CLANG_WARN_DIRECT_OBJC_ISA_USAGE = YES_ERROR;
				CLANG_WARN_DOCUMENTATION_COMMENTS = YES;
				CLANG_WARN_EMPTY_BODY = YES;
				CLANG_WARN_ENUM_CONVERSION = YES;
				CLANG_WARN_INFINITE_RECURSION = YES;
				CLANG_WARN_INT_CONVERSION = YES;
				CLANG_WARN_OBJC_ROOT_CLASS = YES_ERROR;
				CLANG_WARN_SUSPICIOUS_MOVE = YES;
				CLANG_WARN_UNREACHABLE_CODE = YES;
				CLANG_WARN__DUPLICATE_METHOD_MATCH = YES;
				"CODE_SIGN_IDENTITY[sdk=iphoneos*]" = "iPhone Developer";
				COPY_PHASE_STRIP = NO;
				DEBUG_INFORMATION_FORMAT = "dwarf-with-dsym";
				ENABLE_NS_ASSERTIONS = NO;
				ENABLE_STRICT_OBJC_MSGSEND = YES;
				GCC_C_LANGUAGE_STANDARD = gnu99;
				GCC_NO_COMMON_BLOCKS = YES;
				GCC_WARN_64_TO_32_BIT_CONVERSION = YES;
				GCC_WARN_ABOUT_RETURN_TYPE = YES_ERROR;
				GCC_WARN_UNDECLARED_SELECTOR = YES;
				GCC_WARN_UNINITIALIZED_AUTOS = YES_AGGRESSIVE;
				GCC_WARN_UNUSED_FUNCTION = YES;
				GCC_WARN_UNUSED_VARIABLE = YES;
				IPHONEOS_DEPLOYMENT_TARGET = 10.3;
				MTL_ENABLE_DEBUG_INFO = NO;
				SDKROOT = iphoneos;
				SWIFT_OPTIMIZATION_LEVEL = "-Owholemodule";
				VALIDATE_PRODUCT = YES;
			};
			name = Release;
		};
		804B316F1EC1D1DF0055E791 /* Debug */ = {
			isa = XCBuildConfiguration;
			buildSettings = {
				ASSETCATALOG_COMPILER_APPICON_NAME = AppIcon;
				DEVELOPMENT_TEAM = JF2XY8YA6M;
				INFOPLIST_FILE = Github/Info.plist;
				LD_RUNPATH_SEARCH_PATHS = "$(inherited) @executable_path/Frameworks";
				PRODUCT_BUNDLE_IDENTIFIER = Tomasvesely.Github;
				PRODUCT_NAME = "$(TARGET_NAME)";
				SWIFT_VERSION = 3.0;
			};
			name = Debug;
		};
		804B31701EC1D1DF0055E791 /* Release */ = {
			isa = XCBuildConfiguration;
			buildSettings = {
				ASSETCATALOG_COMPILER_APPICON_NAME = AppIcon;
				DEVELOPMENT_TEAM = JF2XY8YA6M;
				INFOPLIST_FILE = Github/Info.plist;
				LD_RUNPATH_SEARCH_PATHS = "$(inherited) @executable_path/Frameworks";
				PRODUCT_BUNDLE_IDENTIFIER = Tomasvesely.Github;
				PRODUCT_NAME = "$(TARGET_NAME)";
				SWIFT_VERSION = 3.0;
			};
			name = Release;
		};
/* End XCBuildConfiguration section */

/* Begin XCConfigurationList section */
		804B31571EC1D1DF0055E791 /* Build configuration list for PBXProject "Github" */ = {
			isa = XCConfigurationList;
			buildConfigurations = (
				804B316C1EC1D1DF0055E791 /* Debug */,
				804B316D1EC1D1DF0055E791 /* Release */,
			);
			defaultConfigurationIsVisible = 0;
			defaultConfigurationName = Release;
		};
		804B316E1EC1D1DF0055E791 /* Build configuration list for PBXNativeTarget "Github" */ = {
			isa = XCConfigurationList;
			buildConfigurations = (
				804B316F1EC1D1DF0055E791 /* Debug */,
				804B31701EC1D1DF0055E791 /* Release */,
			);
			defaultConfigurationIsVisible = 0;
		};
/* End XCConfigurationList section */
	};
	rootObject = 804B31541EC1D1DF0055E791 /* Project object */;
}
